{
  "version": 4,
  "terraform_version": "0.15.0",
  "serial": 7,
  "lineage": "89d5044d-f93b-a896-5106-c6d47490462f",
  "outputs": {},
  "resources": [
    {
      "mode": "managed",
      "type": "google_sql_database_instance",
      "name": "gcp_db",
      "provider": "provider[\"registry.terraform.io/hashicorp/google\"]",
      "instances": [
        {
          "schema_version": 0,
          "attributes": {
            "clone": [],
            "connection_name": "gcp-terraform-udemy:europe-west1:gcpdatabaseudemy",
            "database_version": "MYSQL_5_7",
            "deletion_protection": true,
            "first_ip_address": "34.77.44.229",
            "id": "gcpdatabaseudemy",
            "ip_address": [
              {
                "ip_address": "34.77.44.229",
                "time_to_retire": "",
                "type": "PRIMARY"
              }
            ],
            "master_instance_name": "",
            "name": "gcpdatabaseudemy",
            "private_ip_address": "",
            "project": "gcp-terraform-udemy",
            "public_ip_address": "34.77.44.229",
            "region": "europe-west1",
            "replica_configuration": [],
            "restore_backup_context": [],
            "root_password": null,
            "self_link": "https://sqladmin.googleapis.com/sql/v1beta4/projects/gcp-terraform-udemy/instances/gcpdatabaseudemy",
            "server_ca_cert": [
              {
                "cert": "-----BEGIN CERTIFICATE-----\nMIIDfzCCAmegAwIBAgIBADANBgkqhkiG9w0BAQsFADB3MS0wKwYDVQQuEyRlMjA0\nNDFjOS1hMjE0LTRiNGUtYjEzOS05ZmI5NzVmMTBkNWExIzAhBgNVBAMTGkdvb2ds\nZSBDbG91ZCBTUUwgU2VydmVyIENBMRQwEgYDVQQKEwtHb29nbGUsIEluYzELMAkG\nA1UEBhMCVVMwHhcNMjEwNTE2MTI1NTIwWhcNMzEwNTE0MTI1NjIwWjB3MS0wKwYD\nVQQuEyRlMjA0NDFjOS1hMjE0LTRiNGUtYjEzOS05ZmI5NzVmMTBkNWExIzAhBgNV\nBAMTGkdvb2dsZSBDbG91ZCBTUUwgU2VydmVyIENBMRQwEgYDVQQKEwtHb29nbGUs\nIEluYzELMAkGA1UEBhMCVVMwggEiMA0GCSqGSIb3DQEBAQUAA4IBDwAwggEKAoIB\nAQCwlHNsSDHA7T+HMeVNvwNU7WeHRoXxjXe8auyvZoIJzoOgsq3T1ieoSdHunfQo\nnJVj4uY8Lf3nLSXbP7Q33Oze/olkVM2E3MRRNjIMxj1/NFY+KpDqQmu+W1PGsvX2\nSKBCGF0FQyO5VfvkpRrnJmkzBeIZZNBbMzBDltIDy81IkGCMmzr3V9kQ6hVDQkvS\nQgrzuWss/sqTJhwbEJSgsCjFFtGnAimqAVCGCzdcSwGOZGNrjfgJfOnUzyoS7+3Y\nKu0HjCzhowOmvjdHzluHpIB+avVy3v2tQ8uhcQeMacYofIPKH/bMkO2maJS9YKv9\nUhpeM/z/HGCS/Fed38hkM2+9AgMBAAGjFjAUMBIGA1UdEwEB/wQIMAYBAf8CAQAw\nDQYJKoZIhvcNAQELBQADggEBAE+lEkXH8uFOMT8feMA9j0Uu0UZBfHwLIC+xqDyS\nMQEk8HvAVyi4moLjdrb9JAOAXEyWcq3lf1GtBk2hs5MQT92eP8pUZ2NzO/ODgkEs\nLpMeyoIs7sw//15TaV4mgxH5Byt1Ug3HpUmjJXtyhh7SZJj2l8vKyFwxgtJMk5uc\nuU+6+1Ll2xKA5NNoUbAAfPfuKXOF8pmVSJR+NKXqWnht9idUKA8r7GL3NEXJNU6I\ng/CncVBsAipNtzC5GvAPdQfH/ycsjX5XrIpmM43LrmG7zkq9FmAlyGVyvSWQxGfg\ncCnvhQel5RrKesQ/6MKLXcQ+z4h32R4nQbi8+oz+NzI0Lvo=\n-----END CERTIFICATE-----",
                "common_name": "C=US,O=Google\\, Inc,CN=Google Cloud SQL Server CA,dnQualifier=e20441c9-a214-4b4e-b139-9fb975f10d5a",
                "create_time": "2021-05-16T12:55:20.916Z",
                "expiration_time": "2031-05-14T12:56:20.916Z",
                "sha1_fingerprint": "49feccfb942a6ed270155f41e6736c0368a74574"
              }
            ],
            "service_account_email_address": "p893777055115-bee7ts@gcp-sa-cloud-sql.iam.gserviceaccount.com",
            "settings": [
              {
                "activation_policy": "ALWAYS",
                "authorized_gae_applications": [],
                "availability_type": "ZONAL",
                "backup_configuration": [
                  {
                    "backup_retention_settings": [
                      {
                        "retained_backups": 7,
                        "retention_unit": "COUNT"
                      }
                    ],
                    "binary_log_enabled": false,
                    "enabled": false,
                    "location": "",
                    "point_in_time_recovery_enabled": false,
                    "start_time": "16:00",
                    "transaction_log_retention_days": 7
                  }
                ],
                "crash_safe_replication": false,
                "database_flags": [],
                "disk_autoresize": true,
                "disk_size": 20,
                "disk_type": "PD_SSD",
                "insights_config": [],
                "ip_configuration": [
                  {
                    "authorized_networks": [],
                    "ipv4_enabled": true,
                    "private_network": "",
                    "require_ssl": false
                  }
                ],
                "location_preference": [
                  {
                    "follow_gae_application": "",
                    "zone": "europe-west1-d"
                  }
                ],
                "maintenance_window": [],
                "pricing_plan": "PER_USE",
                "replication_type": "SYNCHRONOUS",
                "tier": "db-f1-micro",
                "user_labels": {},
                "version": 1
              }
            ],
            "timeouts": null
          },
          "sensitive_attributes": [],
          "private": "eyJlMmJmYjczMC1lY2FhLTExZTYtOGY4OC0zNDM2M2JjN2M0YzAiOnsiY3JlYXRlIjoxODAwMDAwMDAwMDAwLCJkZWxldGUiOjE4MDAwMDAwMDAwMDAsInVwZGF0ZSI6MTgwMDAwMDAwMDAwMH19"
        }
      ]
    }
  ]
}
