{
  "version": 4,
  "terraform_version": "0.15.0",
  "serial": 1,
  "lineage": "3dd7991f-80b6-a128-10af-031349996a92",
  "outputs": {},
  "resources": [
    {
      "mode": "managed",
      "type": "google_storage_bucket",
      "name": "bucket_01",
      "provider": "provider[\"registry.terraform.io/hashicorp/google\"]",
      "instances": [
        {
          "index_key": 0,
          "schema_version": 0,
          "attributes": {
            "bucket_policy_only": false,
            "cors": [],
            "default_event_based_hold": false,
            "encryption": [],
            "force_destroy": false,
            "id": "udemy-test-bucket-gcp",
            "labels": {
              "location": "europe-west1",
              "name": "udemy-test-bucket-gcp"
            },
            "lifecycle_rule": [],
            "location": "EUROPE-WEST1",
            "logging": [],
            "name": "udemy-test-bucket-gcp",
            "project": "gcp-terraform-udemy",
            "requester_pays": false,
            "retention_policy": [],
            "self_link": "https://www.googleapis.com/storage/v1/b/udemy-test-bucket-gcp",
            "storage_class": "REGIONAL",
            "uniform_bucket_level_access": false,
            "url": "gs://udemy-test-bucket-gcp",
            "versioning": [
              {
                "enabled": true
              }
            ],
            "website": []
          },
          "sensitive_attributes": [],
          "private": "bnVsbA=="
        }
      ]
    }
  ]
}
